{
  "name": "nest-typescript-starter",
  "version": "1.0.0",
  "lockfileVersion": 1,
  "requires": true,
  "dependencies": {
    "@nestjs/graphql": {
      "version": "2.0.0",
      "resolved": "http://r.cnpmjs.org/@nestjs/graphql/download/@nestjs/graphql-2.0.0.tgz",
      "integrity": "sha1-PGcbPpv+ShhewCdoOD9AtAkV7g4=",
      "requires": {
        "glob": "7.1.2",
        "lodash": "4.17.4",
        "merge-graphql-schemas": "1.4.0"
      }
    },
    "@nestjs/mongoose": {
      "version": "3.0.1",
      "resolved": "http://r.cnpmjs.org/@nestjs/mongoose/download/@nestjs/mongoose-3.0.1.tgz",
      "integrity": "sha1-EfZ/oC7pNGLSXUmYMDzDuCktHKY="
    },
    "@types/zen-observable": {
      "version": "0.5.3",
      "resolved": "http://r.cnpmjs.org/@types/zen-observable/download/@types/zen-observable-0.5.3.tgz",
      "integrity": "sha1-kbcoWZVE77tzhti2YzaTo8LnreU="
    },
    "apollo-cache-control": {
      "version": "0.0.9",
      "resolved": "http://r.cnpmjs.org/apollo-cache-control/download/apollo-cache-control-0.0.9.tgz",
      "integrity": "sha1-dxAPRW+xlSbTO39ZXIqxopgNy7Q=",
      "requires": {
        "graphql-extensions": "0.0.7"
      }
    },
    "apollo-link": {
      "version": "1.0.7",
      "resolved": "http://r.cnpmjs.org/apollo-link/download/apollo-link-1.0.7.tgz",
      "integrity": "sha1-Qs04pzeDMvw+QaIU/2puXnA6VW8=",
      "requires": {
        "@types/zen-observable": "0.5.3",
        "apollo-utilities": "1.0.5",
        "zen-observable": "0.6.1"
      }
    },
    "apollo-server-core": {
      "version": "1.3.2",
      "resolved": "http://r.cnpmjs.org/apollo-server-core/download/apollo-server-core-1.3.2.tgz",
      "integrity": "sha1-82hVo+vcLXe4ucRUOAvx1wYQX/w=",
      "requires": {
        "apollo-cache-control": "0.0.9",
        "apollo-tracing": "0.1.3",
        "graphql-extensions": "0.0.7"
      }
    },
    "apollo-server-express": {
      "version": "1.3.2",
      "resolved": "http://r.cnpmjs.org/apollo-server-express/download/apollo-server-express-1.3.2.tgz",
      "integrity": "sha1-D/ggHAvzYoBKFR4TmXZ9rmq34wk=",
      "requires": {
        "apollo-server-core": "1.3.2",
        "apollo-server-module-graphiql": "1.3.2"
      }
    },
    "apollo-server-module-graphiql": {
      "version": "1.3.2",
      "resolved": "http://r.cnpmjs.org/apollo-server-module-graphiql/download/apollo-server-module-graphiql-1.3.2.tgz",
      "integrity": "sha1-Cp5MSN7OOvkE/uMz+V97mBczXKc="
    },
    "apollo-tracing": {
      "version": "0.1.3",
      "resolved": "http://r.cnpmjs.org/apollo-tracing/download/apollo-tracing-0.1.3.tgz",
      "integrity": "sha1-aCDAZr8g+dmk7d/AI/fIPuJgHws=",
      "requires": {
        "graphql-extensions": "0.0.7"
      }
    },
    "apollo-utilities": {
      "version": "1.0.5",
      "resolved": "http://r.cnpmjs.org/apollo-utilities/download/apollo-utilities-1.0.5.tgz",
      "integrity": "sha1-pemVB9cwziHoTgfHqcdYayzNxY4="
    },
    "async": {
      "version": "2.1.4",
      "resolved": "http://r.cnpmjs.org/async/download/async-2.1.4.tgz",
      "integrity": "sha1-LSFgx3iAMuTdbL4lAvH5osj2zeQ=",
      "requires": {
        "lodash": "4.17.4"
      }
    },
    "balanced-match": {
      "version": "1.0.0",
      "resolved": "http://r.cnpmjs.org/balanced-match/download/balanced-match-1.0.0.tgz",
      "integrity": "sha1-ibTRmasr7kneFk6gK4nORi1xt2c="
    },
    "bluebird": {
      "version": "3.5.0",
      "resolved": "http://r.cnpmjs.org/bluebird/download/bluebird-3.5.0.tgz",
      "integrity": "sha1-eRQg1/VR7qKJdFOop3ZT+WYG1nw="
    },
    "brace-expansion": {
      "version": "1.1.8",
      "resolved": "http://r.cnpmjs.org/brace-expansion/download/brace-expansion-1.1.8.tgz",
      "integrity": "sha1-wHshHHyVLsH479Uad+8NHTmQopI=",
      "requires": {
        "balanced-match": "1.0.0",
        "concat-map": "0.0.1"
      }
    },
    "bson": {
      "version": "1.0.4",
      "resolved": "http://r.cnpmjs.org/bson/download/bson-1.0.4.tgz",
      "integrity": "sha1-k8ENOeqltYQVy8QFLz5T5WKwtyw="
    },
    "concat-map": {
      "version": "0.0.1",
      "resolved": "http://r.cnpmjs.org/concat-map/download/concat-map-0.0.1.tgz",
      "integrity": "sha1-2Klr13/Wjfd5OnMDajug1UBdR3s="
    },
    "core-js": {
      "version": "2.5.3",
      "resolved": "http://r.cnpmjs.org/core-js/download/core-js-2.5.3.tgz",
      "integrity": "sha1-isw4NFgk8W2DZbfJtCWRaOjtYD4="
    },
    "debug": {
      "version": "2.6.9",
      "resolved": "http://r.cnpmjs.org/debug/download/debug-2.6.9.tgz",
      "integrity": "sha1-XRKFFd8TT/Mn6QpMk/Tgd6U2NB8=",
      "requires": {
        "ms": "2.0.0"
      }
    },
    "deepmerge": {
      "version": "2.0.1",
      "resolved": "http://r.cnpmjs.org/deepmerge/download/deepmerge-2.0.1.tgz",
      "integrity": "sha1-JcHCTxEPuRT4AAG5JSZN138/QxI="
    },
    "deprecated-decorator": {
      "version": "0.1.6",
      "resolved": "http://r.cnpmjs.org/deprecated-decorator/download/deprecated-decorator-0.1.6.tgz",
      "integrity": "sha1-AJZjF7ehL+kvPMgx91g68ym4bDc="
    },
    "es6-promise": {
      "version": "4.2.4",
      "resolved": "http://r.cnpmjs.org/es6-promise/download/es6-promise-4.2.4.tgz",
      "integrity": "sha1-3EIhwrFlGHYL2MOaUtjzVvwA7Sk="
    },
    "fs.realpath": {
      "version": "1.0.0",
      "resolved": "http://r.cnpmjs.org/fs.realpath/download/fs.realpath-1.0.0.tgz",
      "integrity": "sha1-FQStJSMVjKpA20onh8sBQRmU6k8="
    },
    "glob": {
      "version": "7.1.2",
      "resolved": "http://r.cnpmjs.org/glob/download/glob-7.1.2.tgz",
      "integrity": "sha1-wZyd+aAocC1nhhI4SmVSQExjbRU=",
      "requires": {
        "fs.realpath": "1.0.0",
        "inflight": "1.0.6",
        "inherits": "2.0.3",
        "minimatch": "3.0.4",
        "once": "1.4.0",
        "path-is-absolute": "1.0.1"
      }
    },
    "graphql": {
      "version": "0.12.3",
      "resolved": "http://r.cnpmjs.org/graphql/download/graphql-0.12.3.tgz",
      "integrity": "sha1-EWaEWLvigmHA3LbiZfUVunn2zgc=",
      "requires": {
        "iterall": "1.1.3"
      }
    },
    "graphql-extensions": {
      "version": "0.0.7",
      "resolved": "http://r.cnpmjs.org/graphql-extensions/download/graphql-extensions-0.0.7.tgz",
      "integrity": "sha1-gH58NJPaRej4/QLA2ncamz8fLRo=",
      "requires": {
        "core-js": "2.5.3",
        "source-map-support": "0.5.3"
      }
    },
    "graphql-subscriptions": {
      "version": "0.5.6",
      "resolved": "http://r.cnpmjs.org/graphql-subscriptions/download/graphql-subscriptions-0.5.6.tgz",
      "integrity": "sha1-DY6WD7qvnsvnkANm6G2i/BQ/xbI=",
      "requires": {
        "es6-promise": "4.2.4",
        "iterall": "1.1.3"
      }
    },
    "graphql-tools": {
      "version": "2.19.0",
      "resolved": "http://r.cnpmjs.org/graphql-tools/download/graphql-tools-2.19.0.tgz",
      "integrity": "sha1-BOEGVTKrh3r/OtGINTD7VoBM6b8=",
      "requires": {
        "apollo-link": "1.0.7",
        "apollo-utilities": "1.0.5",
        "deprecated-decorator": "0.1.6",
        "graphql-subscriptions": "0.5.6",
        "uuid": "3.2.1"
      }
    },
    "inflight": {
      "version": "1.0.6",
      "resolved": "http://r.cnpmjs.org/inflight/download/inflight-1.0.6.tgz",
      "integrity": "sha1-Sb1jMdfQLQwJvJEKEHW6gWW1bfk=",
      "requires": {
        "once": "1.4.0",
        "wrappy": "1.0.2"
      }
    },
    "inherits": {
      "version": "2.0.3",
      "resolved": "http://r.cnpmjs.org/inherits/download/inherits-2.0.3.tgz",
      "integrity": "sha1-Yzwsg+PaQqUC9SRmAiSA9CCCYd4="
    },
    "is-extglob": {
      "version": "2.1.1",
      "resolved": "http://r.cnpmjs.org/is-extglob/download/is-extglob-2.1.1.tgz",
      "integrity": "sha1-qIwCU1eR8C7TfHahueqXc8gz+MI="
    },
    "is-glob": {
      "version": "4.0.0",
      "resolved": "http://r.cnpmjs.org/is-glob/download/is-glob-4.0.0.tgz",
      "integrity": "sha1-lSHHaEXMJhCoUgPd8ICpWML/q8A=",
      "requires": {
        "is-extglob": "2.1.1"
      }
    },
    "iterall": {
      "version": "1.1.3",
      "resolved": "http://r.cnpmjs.org/iterall/download/iterall-1.1.3.tgz",
      "integrity": "sha1-HLv/liBAVt3mZW4u0uIibQ5tcsk="
    },
    "kareem": {
      "version": "2.0.3",
      "resolved": "http://r.cnpmjs.org/kareem/download/kareem-2.0.3.tgz",
      "integrity": "sha1-0Fx612sEW8UMGXss0T0tHvVnEHA="
    },
    "lodash": {
      "version": "4.17.4",
      "resolved": "http://r.cnpmjs.org/lodash/download/lodash-4.17.4.tgz",
      "integrity": "sha1-eCA6TRwyiuHYbcpkYONptX9AVa4="
    },
    "lodash.get": {
      "version": "4.4.2",
      "resolved": "http://r.cnpmjs.org/lodash.get/download/lodash.get-4.4.2.tgz",
      "integrity": "sha1-LRd/ZS+jHpObRDjVNBSZ36OCXpk="
    },
    "merge-graphql-schemas": {
      "version": "1.4.0",
      "resolved": "http://r.cnpmjs.org/merge-graphql-schemas/download/merge-graphql-schemas-1.4.0.tgz",
      "integrity": "sha1-RvlhhcOopTy+MmqxQdkzDXcwPnI=",
      "requires": {
        "deepmerge": "2.0.1",
        "glob": "7.1.2",
        "is-glob": "4.0.0"
      }
    },
    "minimatch": {
      "version": "3.0.4",
      "resolved": "http://r.cnpmjs.org/minimatch/download/minimatch-3.0.4.tgz",
      "integrity": "sha1-UWbihkV/AzBgZL5Ul+jbsMPTIIM=",
      "requires": {
        "brace-expansion": "1.1.8"
      }
    },
    "mongodb": {
      "version": "3.0.2",
      "resolved": "http://r.cnpmjs.org/mongodb/download/mongodb-3.0.2.tgz",
      "integrity": "sha1-KBcjAu1Ok4jYCR4sxGGAV+b13rw=",
      "requires": {
        "mongodb-core": "3.0.2"
      }
    },
    "mongodb-core": {
      "version": "3.0.2",
      "resolved": "http://r.cnpmjs.org/mongodb-core/download/mongodb-core-3.0.2.tgz",
      "integrity": "sha1-kUiWCS3UVCfZpPmKeZegv7gdFjs=",
      "requires": {
        "bson": "1.0.4",
        "require_optional": "1.0.1"
      }
    },
    "mongoose": {
      "version": "5.0.3",
      "resolved": "http://r.cnpmjs.org/mongoose/download/mongoose-5.0.3.tgz",
      "integrity": "sha1-4yDGKfpE5K+6HYtKyGX5pM6n8Vc=",
      "requires": {
        "async": "2.1.4",
        "bson": "1.0.4",
        "kareem": "2.0.3",
        "lodash.get": "4.4.2",
        "mongodb": "3.0.2",
        "mongoose-legacy-pluralize": "1.0.2",
        "mpath": "0.3.0",
        "mquery": "3.0.0",
        "ms": "2.0.0",
        "regexp-clone": "0.0.1",
        "sliced": "1.0.1"
      }
    },
    "mongoose-legacy-pluralize": {
      "version": "1.0.2",
      "resolved": "http://r.cnpmjs.org/mongoose-legacy-pluralize/download/mongoose-legacy-pluralize-1.0.2.tgz",
      "integrity": "sha1-O6n5H6UHtRhtOZ+0CFS/8Y+1Y+Q="
    },
    "mpath": {
      "version": "0.3.0",
      "resolved": "http://r.cnpmjs.org/mpath/download/mpath-0.3.0.tgz",
      "integrity": "sha1-elj3iem1/TyUUgY0FXlg8mvV70Q="
    },
    "mquery": {
      "version": "3.0.0",
      "resolved": "http://r.cnpmjs.org/mquery/download/mquery-3.0.0.tgz",
      "integrity": "sha1-5fOH26vAubaYWeVQ6BD6q+DOq7A=",
      "requires": {
        "bluebird": "3.5.0",
        "debug": "2.6.9",
        "regexp-clone": "0.0.1",
        "sliced": "0.0.5"
      },
      "dependencies": {
        "sliced": {
          "version": "0.0.5",
          "resolved": "http://r.cnpmjs.org/sliced/download/sliced-0.0.5.tgz",
          "integrity": "sha1-XtwETKTrb3gW1Qui/GPiXY/kcH8="
        }
      }
    },
    "ms": {
      "version": "2.0.0",
      "resolved": "http://r.cnpmjs.org/ms/download/ms-2.0.0.tgz",
      "integrity": "sha1-VgiurfwAvmwpAd9fmGF4jeDVl8g="
    },
    "once": {
      "version": "1.4.0",
      "resolved": "http://r.cnpmjs.org/once/download/once-1.4.0.tgz",
      "integrity": "sha1-WDsap3WWHUsROsF9nFC6753Xa9E=",
      "requires": {
        "wrappy": "1.0.2"
      }
    },
    "path-is-absolute": {
      "version": "1.0.1",
      "resolved": "http://r.cnpmjs.org/path-is-absolute/download/path-is-absolute-1.0.1.tgz",
      "integrity": "sha1-F0uSaHNVNP+8es5r9TpanhtcX18="
    },
    "regexp-clone": {
      "version": "0.0.1",
      "resolved": "http://r.cnpmjs.org/regexp-clone/download/regexp-clone-0.0.1.tgz",
      "integrity": "sha1-p8LgmJH9vzj7sQ03b7cwA+aKxYk="
    },
    "require_optional": {
      "version": "1.0.1",
      "resolved": "http://r.cnpmjs.org/require_optional/download/require_optional-1.0.1.tgz",
      "integrity": "sha1-TPNaQkf2TKPfjC7yCMxJSxyo/C4=",
      "requires": {
        "resolve-from": "2.0.0",
        "semver": "5.5.0"
      }
    },
    "resolve-from": {
      "version": "2.0.0",
      "resolved": "http://r.cnpmjs.org/resolve-from/download/resolve-from-2.0.0.tgz",
      "integrity": "sha1-lICrIOlP+h2egKgEx+oUdhGWa1c="
    },
    "semver": {
      "version": "5.5.0",
      "resolved": "http://r.cnpmjs.org/semver/download/semver-5.5.0.tgz",
      "integrity": "sha1-3Eu8emyp2Rbe5dQ1FvAJK1j3uKs="
    },
    "sliced": {
      "version": "1.0.1",
      "resolved": "http://r.cnpmjs.org/sliced/download/sliced-1.0.1.tgz",
      "integrity": "sha1-CzpmK10Ewxd7GSa+qCsD+Dei70E="
    },
    "source-map": {
      "version": "0.6.1",
      "resolved": "http://r.cnpmjs.org/source-map/download/source-map-0.6.1.tgz",
      "integrity": "sha1-dHIq8y6WFOnCh6jQu95IteLxomM="
    },
    "source-map-support": {
      "version": "0.5.3",
      "resolved": "http://r.cnpmjs.org/source-map-support/download/source-map-support-0.5.3.tgz",
      "integrity": "sha1-Kz1f/ymM+k0a/X1DUtVp6aAVjnY=",
      "requires": {
        "source-map": "0.6.1"
      }
    },
    "uuid": {
      "version": "3.2.1",
      "resolved": "http://r.cnpmjs.org/uuid/download/uuid-3.2.1.tgz",
      "integrity": "sha1-EsUou51Y0LkmXZovbw/ovhf/HxQ="
    },
    "wrappy": {
      "version": "1.0.2",
      "resolved": "http://r.cnpmjs.org/wrappy/download/wrappy-1.0.2.tgz",
      "integrity": "sha1-tSQ9jz7BqjXxNkYFvA0QNuMKtp8="
    },
    "zen-observable": {
      "version": "0.6.1",
      "resolved": "http://r.cnpmjs.org/zen-observable/download/zen-observable-0.6.1.tgz",
      "integrity": "sha1-AdvtO8jQLL6e4REsg+BMgH9kckQ="
    }
  }
}
